// !$*UTF8*$!
{
	archiveVersion = 1;
	classes = {
	};
	objectVersion = 55;
	objects = {

/* Begin PBXBuildFile section */
		AA348A94272A41F300D8D4CB /* WordTableViewCell.swift in Sources */ = {isa = PBXBuildFile; fileRef = AA348A93272A41F300D8D4CB /* WordTableViewCell.swift */; };
		AA39BD1F271118B400FD8787 /* AppDelegate.swift in Sources */ = {isa = PBXBuildFile; fileRef = AA39BD1E271118B400FD8787 /* AppDelegate.swift */; };
		AA39BD21271118B400FD8787 /* SceneDelegate.swift in Sources */ = {isa = PBXBuildFile; fileRef = AA39BD20271118B400FD8787 /* SceneDelegate.swift */; };
		AA39BD23271118B400FD8787 /* ViewController.swift in Sources */ = {isa = PBXBuildFile; fileRef = AA39BD22271118B400FD8787 /* ViewController.swift */; };
		AA39BD28271118B700FD8787 /* Assets.xcassets in Resources */ = {isa = PBXBuildFile; fileRef = AA39BD27271118B700FD8787 /* Assets.xcassets */; };
		AA39BD2B271118B700FD8787 /* LaunchScreen.storyboard in Resources */ = {isa = PBXBuildFile; fileRef = AA39BD29271118B700FD8787 /* LaunchScreen.storyboard */; };
		AA39BD372711EDC100FD8787 /* RandomWordViewController.swift in Sources */ = {isa = PBXBuildFile; fileRef = AA39BD362711EDC000FD8787 /* RandomWordViewController.swift */; };
		AA39BD392711EE3E00FD8787 /* SearchDefinitionsViewController.swift in Sources */ = {isa = PBXBuildFile; fileRef = AA39BD382711EE3E00FD8787 /* SearchDefinitionsViewController.swift */; };
		AAA75209276FF37A00994CFC /* SearchDefinitionView.swift in Sources */ = {isa = PBXBuildFile; fileRef = AAA75208276FF37A00994CFC /* SearchDefinitionView.swift */; };
		AAA7520B276FFE8A00994CFC /* Word.swift in Sources */ = {isa = PBXBuildFile; fileRef = AAA7520A276FFE8A00994CFC /* Word.swift */; };
		AAA7520D2770049200994CFC /* DefinitionTableViewCell.swift in Sources */ = {isa = PBXBuildFile; fileRef = AAA7520C2770049200994CFC /* DefinitionTableViewCell.swift */; };
/* End PBXBuildFile section */

/* Begin PBXFileReference section */
		AA348A93272A41F300D8D4CB /* WordTableViewCell.swift */ = {isa = PBXFileReference; lastKnownFileType = sourcecode.swift; path = WordTableViewCell.swift; sourceTree = "<group>"; };
		AA39BD1B271118B400FD8787 /* Daily-Dose-Of-Definitions.app */ = {isa = PBXFileReference; explicitFileType = wrapper.application; includeInIndex = 0; path = "Daily-Dose-Of-Definitions.app"; sourceTree = BUILT_PRODUCTS_DIR; };
		AA39BD1E271118B400FD8787 /* AppDelegate.swift */ = {isa = PBXFileReference; lastKnownFileType = sourcecode.swift; path = AppDelegate.swift; sourceTree = "<group>"; };
		AA39BD20271118B400FD8787 /* SceneDelegate.swift */ = {isa = PBXFileReference; lastKnownFileType = sourcecode.swift; path = SceneDelegate.swift; sourceTree = "<group>"; };
		AA39BD22271118B400FD8787 /* ViewController.swift */ = {isa = PBXFileReference; lastKnownFileType = sourcecode.swift; path = ViewController.swift; sourceTree = "<group>"; };
		AA39BD27271118B700FD8787 /* Assets.xcassets */ = {isa = PBXFileReference; lastKnownFileType = folder.assetcatalog; path = Assets.xcassets; sourceTree = "<group>"; };
		AA39BD2A271118B700FD8787 /* Base */ = {isa = PBXFileReference; lastKnownFileType = file.storyboard; name = Base; path = Base.lproj/LaunchScreen.storyboard; sourceTree = "<group>"; };
		AA39BD2C271118B700FD8787 /* Info.plist */ = {isa = PBXFileReference; lastKnownFileType = text.plist.xml; path = Info.plist; sourceTree = "<group>"; };
		AA39BD362711EDC000FD8787 /* RandomWordViewController.swift */ = {isa = PBXFileReference; lastKnownFileType = sourcecode.swift; path = RandomWordViewController.swift; sourceTree = "<group>"; };
		AA39BD382711EE3E00FD8787 /* SearchDefinitionsViewController.swift */ = {isa = PBXFileReference; lastKnownFileType = sourcecode.swift; path = SearchDefinitionsViewController.swift; sourceTree = "<group>"; };
		AAA75208276FF37A00994CFC /* SearchDefinitionView.swift */ = {isa = PBXFileReference; lastKnownFileType = sourcecode.swift; path = SearchDefinitionView.swift; sourceTree = "<group>"; };
		AAA7520A276FFE8A00994CFC /* Word.swift */ = {isa = PBXFileReference; lastKnownFileType = sourcecode.swift; path = Word.swift; sourceTree = "<group>"; };
		AAA7520C2770049200994CFC /* DefinitionTableViewCell.swift */ = {isa = PBXFileReference; lastKnownFileType = sourcecode.swift; path = DefinitionTableViewCell.swift; sourceTree = "<group>"; };
/* End PBXFileReference section */

/* Begin PBXFrameworksBuildPhase section */
		AA39BD18271118B400FD8787 /* Frameworks */ = {
			isa = PBXFrameworksBuildPhase;
			buildActionMask = 2147483647;
			files = (
			);
			runOnlyForDeploymentPostprocessing = 0;
		};
/* End PBXFrameworksBuildPhase section */

/* Begin PBXGroup section */
		AA39BD12271118B400FD8787 = {
			isa = PBXGroup;
			children = (
				AA39BD1D271118B400FD8787 /* Daily-Dose-Of-Definitions */,
				AA39BD1C271118B400FD8787 /* Products */,
			);
			sourceTree = "<group>";
		};
		AA39BD1C271118B400FD8787 /* Products */ = {
			isa = PBXGroup;
			children = (
				AA39BD1B271118B400FD8787 /* Daily-Dose-Of-Definitions.app */,
			);
			name = Products;
			sourceTree = "<group>";
		};
		AA39BD1D271118B400FD8787 /* Daily-Dose-Of-Definitions */ = {
			isa = PBXGroup;
			children = (
				AA39BD342711EAA300FD8787 /* Controller */,
				AA39BD332711EA9B00FD8787 /* View */,
				AA39BD322711EA9000FD8787 /* Model */,
				AA39BD352711EB0100FD8787 /* Supporting Files */,
			);
			path = "Daily-Dose-Of-Definitions";
			sourceTree = "<group>";
		};
		AA39BD322711EA9000FD8787 /* Model */ = {
			isa = PBXGroup;
			children = (
				AAA7520A276FFE8A00994CFC /* Word.swift */,
			);
			path = Model;
			sourceTree = "<group>";
		};
		AA39BD332711EA9B00FD8787 /* View */ = {
			isa = PBXGroup;
			children = (
				AA348A93272A41F300D8D4CB /* WordTableViewCell.swift */,
				AAA75208276FF37A00994CFC /* SearchDefinitionView.swift */,
				AAA7520C2770049200994CFC /* DefinitionTableViewCell.swift */,
			);
			path = View;
			sourceTree = "<group>";
		};
		AA39BD342711EAA300FD8787 /* Controller */ = {
			isa = PBXGroup;
			children = (
				AA39BD22271118B400FD8787 /* ViewController.swift */,
				AA39BD362711EDC000FD8787 /* RandomWordViewController.swift */,
				AA39BD382711EE3E00FD8787 /* SearchDefinitionsViewController.swift */,
			);
			path = Controller;
			sourceTree = "<group>";
		};
		AA39BD352711EB0100FD8787 /* Supporting Files */ = {
			isa = PBXGroup;
			children = (
				AA39BD1E271118B400FD8787 /* AppDelegate.swift */,
				AA39BD20271118B400FD8787 /* SceneDelegate.swift */,
				AA39BD27271118B700FD8787 /* Assets.xcassets */,
				AA39BD29271118B700FD8787 /* LaunchScreen.storyboard */,
				AA39BD2C271118B700FD8787 /* Info.plist */,
			);
			path = "Supporting Files";
			sourceTree = "<group>";
		};
/* End PBXGroup section */

/* Begin PBXNativeTarget section */
		AA39BD1A271118B400FD8787 /* Daily-Dose-Of-Definitions */ = {
			isa = PBXNativeTarget;
			buildConfigurationList = AA39BD2F271118B700FD8787 /* Build configuration list for PBXNativeTarget "Daily-Dose-Of-Definitions" */;
			buildPhases = (
				AA39BD17271118B400FD8787 /* Sources */,
				AA39BD18271118B400FD8787 /* Frameworks */,
				AA39BD19271118B400FD8787 /* Resources */,
			);
			buildRules = (
			);
			dependencies = (
			);
			name = "Daily-Dose-Of-Definitions";
			productName = "Daily-Dose-Of-Definitions";
			productReference = AA39BD1B271118B400FD8787 /* Daily-Dose-Of-Definitions.app */;
			productType = "com.apple.product-type.application";
		};
/* End PBXNativeTarget section */

/* Begin PBXProject section */
		AA39BD13271118B400FD8787 /* Project object */ = {
			isa = PBXProject;
			attributes = {
				BuildIndependentTargetsInParallel = 1;
				LastSwiftUpdateCheck = 1300;
				LastUpgradeCheck = 1300;
				TargetAttributes = {
					AA39BD1A271118B400FD8787 = {
						CreatedOnToolsVersion = 13.0;
					};
				};
			};
			buildConfigurationList = AA39BD16271118B400FD8787 /* Build configuration list for PBXProject "Daily-Dose-Of-Definitions" */;
			compatibilityVersion = "Xcode 13.0";
			developmentRegion = en;
			hasScannedForEncodings = 0;
			knownRegions = (
				en,
				Base,
			);
			mainGroup = AA39BD12271118B400FD8787;
			productRefGroup = AA39BD1C271118B400FD8787 /* Products */;
			projectDirPath = "";
			projectRoot = "";
			targets = (
				AA39BD1A271118B400FD8787 /* Daily-Dose-Of-Definitions */,
			);
		};
/* End PBXProject section */

/* Begin PBXResourcesBuildPhase section */
		AA39BD19271118B400FD8787 /* Resources */ = {
			isa = PBXResourcesBuildPhase;
			buildActionMask = 2147483647;
			files = (
				AA39BD2B271118B700FD8787 /* LaunchScreen.storyboard in Resources */,
				AA39BD28271118B700FD8787 /* Assets.xcassets in Resources */,
			);
			runOnlyForDeploymentPostprocessing = 0;
		};
/* End PBXResourcesBuildPhase section */

/* Begin PBXSourcesBuildPhase section */
		AA39BD17271118B400FD8787 /* Sources */ = {
			isa = PBXSourcesBuildPhase;
			buildActionMask = 2147483647;
			files = (
				AAA7520D2770049200994CFC /* DefinitionTableViewCell.swift in Sources */,
				AAA75209276FF37A00994CFC /* SearchDefinitionView.swift in Sources */,
				AAA7520B276FFE8A00994CFC /* Word.swift in Sources */,
				AA39BD23271118B400FD8787 /* ViewController.swift in Sources */,
				AA348A94272A41F300D8D4CB /* WordTableViewCell.swift in Sources */,
				AA39BD372711EDC100FD8787 /* RandomWordViewController.swift in Sources */,
				AA39BD392711EE3E00FD8787 /* SearchDefinitionsViewController.swift in Sources */,
				AA39BD1F271118B400FD8787 /* AppDelegate.swift in Sources */,
				AA39BD21271118B400FD8787 /* SceneDelegate.swift in Sources */,
			);
			runOnlyForDeploymentPostprocessing = 0;
		};
/* End PBXSourcesBuildPhase section */

/* Begin PBXVariantGroup section */
		AA39BD29271118B700FD8787 /* LaunchScreen.storyboard */ = {
			isa = PBXVariantGroup;
			children = (
				AA39BD2A271118B700FD8787 /* Base */,
			);
			name = LaunchScreen.storyboard;
			sourceTree = "<group>";
		};
/* End PBXVariantGroup section */

/* Begin XCBuildConfiguration section */
		AA39BD2D271118B700FD8787 /* Debug */ = {
			isa = XCBuildConfiguration;
			buildSettings = {
				ALWAYS_SEARCH_USER_PATHS = NO;
				CLANG_ANALYZER_NONNULL = YES;
				CLANG_ANALYZER_NUMBER_OBJECT_CONVERSION = YES_AGGRESSIVE;
				CLANG_CXX_LANGUAGE_STANDARD = "gnu++17";
				CLANG_CXX_LIBRARY = "libc++";
				CLANG_ENABLE_MODULES = YES;
				CLANG_ENABLE_OBJC_ARC = YES;
				CLANG_ENABLE_OBJC_WEAK = YES;
				CLANG_WARN_BLOCK_CAPTURE_AUTORELEASING = YES;
				CLANG_WARN_BOOL_CONVERSION = YES;
				CLANG_WARN_COMMA = YES;
				CLANG_WARN_CONSTANT_CONVERSION = YES;
				CLANG_WARN_DEPRECATED_OBJC_IMPLEMENTATIONS = YES;
				CLANG_WARN_DIRECT_OBJC_ISA_USAGE = YES_ERROR;
				CLANG_WARN_DOCUMENTATION_COMMENTS = YES;
				CLANG_WARN_EMPTY_BODY = YES;
				CLANG_WARN_ENUM_CONVERSION = YES;
				CLANG_WARN_INFINITE_RECURSION = YES;
				CLANG_WARN_INT_CONVERSION = YES;
				CLANG_WARN_NON_LITERAL_NULL_CONVERSION = YES;
				CLANG_WARN_OBJC_IMPLICIT_RETAIN_SELF = YES;
				CLANG_WARN_OBJC_LITERAL_CONVERSION = YES;
				CLANG_WARN_OBJC_ROOT_CLASS = YES_ERROR;
				CLANG_WARN_QUOTED_INCLUDE_IN_FRAMEWORK_HEADER = YES;
				CLANG_WARN_RANGE_LOOP_ANALYSIS = YES;
				CLANG_WARN_STRICT_PROTOTYPES = YES;
				CLANG_WARN_SUSPICIOUS_MOVE = YES;
				CLANG_WARN_UNGUARDED_AVAILABILITY = YES_AGGRESSIVE;
				CLANG_WARN_UNREACHABLE_CODE = YES;
				CLANG_WARN__DUPLICATE_METHOD_MATCH = YES;
				COPY_PHASE_STRIP = NO;
				DEBUG_INFORMATION_FORMAT = dwarf;
				ENABLE_STRICT_OBJC_MSGSEND = YES;
				ENABLE_TESTABILITY = YES;
				GCC_C_LANGUAGE_STANDARD = gnu11;
				GCC_DYNAMIC_NO_PIC = NO;
				GCC_NO_COMMON_BLOCKS = YES;
				GCC_OPTIMIZATION_LEVEL = 0;
				GCC_PREPROCESSOR_DEFINITIONS = (
					"DEBUG=1",
					"$(inherited)",
				);
				GCC_WARN_64_TO_32_BIT_CONVERSION = YES;
				GCC_WARN_ABOUT_RETURN_TYPE = YES_ERROR;
				GCC_WARN_UNDECLARED_SELECTOR = YES;
				GCC_WARN_UNINITIALIZED_AUTOS = YES_AGGRESSIVE;
				GCC_WARN_UNUSED_FUNCTION = YES;
				GCC_WARN_UNUSED_VARIABLE = YES;
				IPHONEOS_DEPLOYMENT_TARGET = 15.0;
				MTL_ENABLE_DEBUG_INFO = INCLUDE_SOURCE;
				MTL_FAST_MATH = YES;
				ONLY_ACTIVE_ARCH = YES;
				SDKROOT = iphoneos;
				SWIFT_ACTIVE_COMPILATION_CONDITIONS = DEBUG;
				SWIFT_OPTIMIZATION_LEVEL = "-Onone";
			};
			name = Debug;
		};
		AA39BD2E271118B700FD8787 /* Release */ = {
			isa = XCBuildConfiguration;
			buildSettings = {
				ALWAYS_SEARCH_USER_PATHS = NO;
				CLANG_ANALYZER_NONNULL = YES;
				CLANG_ANALYZER_NUMBER_OBJECT_CONVERSION = YES_AGGRESSIVE;
				CLANG_CXX_LANGUAGE_STANDARD = "gnu++17";
				CLANG_CXX_LIBRARY = "libc++";
				CLANG_ENABLE_MODULES = YES;
				CLANG_ENABLE_OBJC_ARC = YES;
				CLANG_ENABLE_OBJC_WEAK = YES;
				CLANG_WARN_BLOCK_CAPTURE_AUTORELEASING = YES;
				CLANG_WARN_BOOL_CONVERSION = YES;
				CLANG_WARN_COMMA = YES;
				CLANG_WARN_CONSTANT_CONVERSION = YES;
				CLANG_WARN_DEPRECATED_OBJC_IMPLEMENTATIONS = YES;
				CLANG_WARN_DIRECT_OBJC_ISA_USAGE = YES_ERROR;
				CLANG_WARN_DOCUMENTATION_COMMENTS = YES;
				CLANG_WARN_EMPTY_BODY = YES;
				CLANG_WARN_ENUM_CONVERSION = YES;
				CLANG_WARN_INFINITE_RECURSION = YES;
				CLANG_WARN_INT_CONVERSION = YES;
				CLANG_WARN_NON_LITERAL_NULL_CONVERSION = YES;
				CLANG_WARN_OBJC_IMPLICIT_RETAIN_SELF = YES;
				CLANG_WARN_OBJC_LITERAL_CONVERSION = YES;
				CLANG_WARN_OBJC_ROOT_CLASS = YES_ERROR;
				CLANG_WARN_QUOTED_INCLUDE_IN_FRAMEWORK_HEADER = YES;
				CLANG_WARN_RANGE_LOOP_ANALYSIS = YES;
				CLANG_WARN_STRICT_PROTOTYPES = YES;
				CLANG_WARN_SUSPICIOUS_MOVE = YES;
				CLANG_WARN_UNGUARDED_AVAILABILITY = YES_AGGRESSIVE;
				CLANG_WARN_UNREACHABLE_CODE = YES;
				CLANG_WARN__DUPLICATE_METHOD_MATCH = YES;
				COPY_PHASE_STRIP = NO;
				DEBUG_INFORMATION_FORMAT = "dwarf-with-dsym";
				ENABLE_NS_ASSERTIONS = NO;
				ENABLE_STRICT_OBJC_MSGSEND = YES;
				GCC_C_LANGUAGE_STANDARD = gnu11;
				GCC_NO_COMMON_BLOCKS = YES;
				GCC_WARN_64_TO_32_BIT_CONVERSION = YES;
				GCC_WARN_ABOUT_RETURN_TYPE = YES_ERROR;
				GCC_WARN_UNDECLARED_SELECTOR = YES;
				GCC_WARN_UNINITIALIZED_AUTOS = YES_AGGRESSIVE;
				GCC_WARN_UNUSED_FUNCTION = YES;
				GCC_WARN_UNUSED_VARIABLE = YES;
				IPHONEOS_DEPLOYMENT_TARGET = 15.0;
				MTL_ENABLE_DEBUG_INFO = NO;
				MTL_FAST_MATH = YES;
				SDKROOT = iphoneos;
				SWIFT_COMPILATION_MODE = wholemodule;
				SWIFT_OPTIMIZATION_LEVEL = "-O";
				VALIDATE_PRODUCT = YES;
			};
			name = Release;
		};
		AA39BD30271118B700FD8787 /* Debug */ = {
			isa = XCBuildConfiguration;
			buildSettings = {
				ASSETCATALOG_COMPILER_APPICON_NAME = AppIcon;
				ASSETCATALOG_COMPILER_GLOBAL_ACCENT_COLOR_NAME = AccentColor;
				CODE_SIGN_STYLE = Automatic;
				CURRENT_PROJECT_VERSION = 1;
				DEVELOPMENT_TEAM = 3758FWANE6;
				GENERATE_INFOPLIST_FILE = YES;
				INFOPLIST_FILE = "Daily-Dose-Of-Definitions/Supporting Files/Info.plist";
				INFOPLIST_KEY_UIApplicationSupportsIndirectInputEvents = YES;
				INFOPLIST_KEY_UILaunchStoryboardName = LaunchScreen;
				INFOPLIST_KEY_UISupportedInterfaceOrientations_iPad = "UIInterfaceOrientationPortrait UIInterfaceOrientationPortraitUpsideDown UIInterfaceOrientationLandscapeLeft UIInterfaceOrientationLandscapeRight";
				INFOPLIST_KEY_UISupportedInterfaceOrientations_iPhone = "UIInterfaceOrientationPortrait UIInterfaceOrientationLandscapeLeft UIInterfaceOrientationLandscapeRight";
				LD_RUNPATH_SEARCH_PATHS = (
					"$(inherited)",
					"@executable_path/Frameworks",
				);
				MARKETING_VERSION = 1.0;
				PRODUCT_BUNDLE_IDENTIFIER = "christianhawkes.Daily-Dose-Of-Definitions";
				PRODUCT_NAME = "$(TARGET_NAME)";
				SWIFT_EMIT_LOC_STRINGS = YES;
				SWIFT_VERSION = 5.0;
				TARGETED_DEVICE_FAMILY = "1,2";
			};
			name = Debug;
		};
		AA39BD31271118B700FD8787 /* Release */ = {
			isa = XCBuildConfiguration;
			buildSettings = {
				ASSETCATALOG_COMPILER_APPICON_NAME = AppIcon;
				ASSETCATALOG_COMPILER_GLOBAL_ACCENT_COLOR_NAME = AccentColor;
				CODE_SIGN_STYLE = Automatic;
				CURRENT_PROJECT_VERSION = 1;
				DEVELOPMENT_TEAM = 3758FWANE6;
				GENERATE_INFOPLIST_FILE = YES;
				INFOPLIST_FILE = "Daily-Dose-Of-Definitions/Supporting Files/Info.plist";
				INFOPLIST_KEY_UIApplicationSupportsIndirectInputEvents = YES;
				INFOPLIST_KEY_UILaunchStoryboardName = LaunchScreen;
				INFOPLIST_KEY_UISupportedInterfaceOrientations_iPad = "UIInterfaceOrientationPortrait UIInterfaceOrientationPortraitUpsideDown UIInterfaceOrientationLandscapeLeft UIInterfaceOrientationLandscapeRight";
				INFOPLIST_KEY_UISupportedInterfaceOrientations_iPhone = "UIInterfaceOrientationPortrait UIInterfaceOrientationLandscapeLeft UIInterfaceOrientationLandscapeRight";
				LD_RUNPATH_SEARCH_PATHS = (
					"$(inherited)",
					"@executable_path/Frameworks",
				);
				MARKETING_VERSION = 1.0;
				PRODUCT_BUNDLE_IDENTIFIER = "christianhawkes.Daily-Dose-Of-Definitions";
				PRODUCT_NAME = "$(TARGET_NAME)";
				SWIFT_EMIT_LOC_STRINGS = YES;
				SWIFT_VERSION = 5.0;
				TARGETED_DEVICE_FAMILY = "1,2";
			};
			name = Release;
		};
/* End XCBuildConfiguration section */

/* Begin XCConfigurationList section */
		AA39BD16271118B400FD8787 /* Build configuration list for PBXProject "Daily-Dose-Of-Definitions" */ = {
			isa = XCConfigurationList;
			buildConfigurations = (
				AA39BD2D271118B700FD8787 /* Debug */,
				AA39BD2E271118B700FD8787 /* Release */,
			);
			defaultConfigurationIsVisible = 0;
			defaultConfigurationName = Release;
		};
		AA39BD2F271118B700FD8787 /* Build configuration list for PBXNativeTarget "Daily-Dose-Of-Definitions" */ = {
			isa = XCConfigurationList;
			buildConfigurations = (
				AA39BD30271118B700FD8787 /* Debug */,
				AA39BD31271118B700FD8787 /* Release */,
			);
			defaultConfigurationIsVisible = 0;
			defaultConfigurationName = Release;
		};
/* End XCConfigurationList section */
	};
	rootObject = AA39BD13271118B400FD8787 /* Project object */;
}
